// !$*UTF8*$!
{
	archiveVersion = 1;
	classes = {
	};
	objectVersion = 55;
	objects = {

/* Begin PBXBuildFile section */
		1A70F61EFF9E77D65CCD2F54 /* Pods_ProcessNote.framework in Frameworks */ = {isa = PBXBuildFile; fileRef = 2E2ABEF8C514445F42EFA42D /* Pods_ProcessNote.framework */; };
		8D0F869D270C776F004E2A7D /* AppDelegate.swift in Sources */ = {isa = PBXBuildFile; fileRef = 8D0F869C270C776F004E2A7D /* AppDelegate.swift */; };
		8D0F869F270C776F004E2A7D /* SceneDelegate.swift in Sources */ = {isa = PBXBuildFile; fileRef = 8D0F869E270C776F004E2A7D /* SceneDelegate.swift */; };
		8D0F86A6270C7771004E2A7D /* Assets.xcassets in Resources */ = {isa = PBXBuildFile; fileRef = 8D0F86A5270C7771004E2A7D /* Assets.xcassets */; };
		8D0F86A9270C7771004E2A7D /* LaunchScreen.storyboard in Resources */ = {isa = PBXBuildFile; fileRef = 8D0F86A7270C7771004E2A7D /* LaunchScreen.storyboard */; };
		8D0F86B4270C7771004E2A7D /* ProcessNoteTests.swift in Sources */ = {isa = PBXBuildFile; fileRef = 8D0F86B3270C7771004E2A7D /* ProcessNoteTests.swift */; };
		8D0F86BE270C7771004E2A7D /* ProcessNoteUITests.swift in Sources */ = {isa = PBXBuildFile; fileRef = 8D0F86BD270C7771004E2A7D /* ProcessNoteUITests.swift */; };
		8D0F86C0270C7771004E2A7D /* ProcessNoteUITestsLaunchTests.swift in Sources */ = {isa = PBXBuildFile; fileRef = 8D0F86BF270C7771004E2A7D /* ProcessNoteUITestsLaunchTests.swift */; };
		8D0F86CE270C7AB2004E2A7D /* NoteViewController.swift in Sources */ = {isa = PBXBuildFile; fileRef = 8D0F86CD270C7AB2004E2A7D /* NoteViewController.swift */; };
		8D0F86D0270C7D6B004E2A7D /* TaskViewController.swift in Sources */ = {isa = PBXBuildFile; fileRef = 8D0F86CF270C7D6B004E2A7D /* TaskViewController.swift */; };
		8D0F86D2270C7DA7004E2A7D /* SettingViewController.swift in Sources */ = {isa = PBXBuildFile; fileRef = 8D0F86D1270C7DA7004E2A7D /* SettingViewController.swift */; };
		8D0F86DA270C8580004E2A7D /* Localizable.strings in Resources */ = {isa = PBXBuildFile; fileRef = 8D0F86DC270C8580004E2A7D /* Localizable.strings */; };
		8D0F86DF271191AA004E2A7D /* UIViewController+Alert.swift in Sources */ = {isa = PBXBuildFile; fileRef = 8D0F86DE271191AA004E2A7D /* UIViewController+Alert.swift */; };
		8D0F86E12711BDEF004E2A7D /* GoogleService-Info.plist in Resources */ = {isa = PBXBuildFile; fileRef = 8D0F86E02711BDEF004E2A7D /* GoogleService-Info.plist */; };
		8D0F86E427127FF8004E2A7D /* Group.swift in Sources */ = {isa = PBXBuildFile; fileRef = 8D0F86E327127FF8004E2A7D /* Group.swift */; };
		8D0F86E627128ECE004E2A7D /* Task.swift in Sources */ = {isa = PBXBuildFile; fileRef = 8D0F86E527128ECE004E2A7D /* Task.swift */; };
		8D0F86E82712965C004E2A7D /* Measures.swift in Sources */ = {isa = PBXBuildFile; fileRef = 8D0F86E72712965C004E2A7D /* Measures.swift */; };
		8D0F86EA27129F88004E2A7D /* Note.swift in Sources */ = {isa = PBXBuildFile; fileRef = 8D0F86E927129F88004E2A7D /* Note.swift */; };
		8D0F86EC2712A8F1004E2A7D /* Memo.swift in Sources */ = {isa = PBXBuildFile; fileRef = 8D0F86EB2712A8F1004E2A7D /* Memo.swift */; };
		8D0F86EE2712AC1F004E2A7D /* Setting.swift in Sources */ = {isa = PBXBuildFile; fileRef = 8D0F86ED2712AC1F004E2A7D /* Setting.swift */; };
		8D0F86F02712C7BD004E2A7D /* AddGroupViewController.swift in Sources */ = {isa = PBXBuildFile; fileRef = 8D0F86EF2712C7BD004E2A7D /* AddGroupViewController.swift */; };
		8D0F86F6271A65CE004E2A7D /* AddTaskViewController.swift in Sources */ = {isa = PBXBuildFile; fileRef = 8D0F86F5271A65CE004E2A7D /* AddTaskViewController.swift */; };
		8D0F86FB271A8142004E2A7D /* TitleCell.swift in Sources */ = {isa = PBXBuildFile; fileRef = 8D0F86F9271A8142004E2A7D /* TitleCell.swift */; };
		8D0F86FC271A8142004E2A7D /* TitleCell.xib in Resources */ = {isa = PBXBuildFile; fileRef = 8D0F86FA271A8142004E2A7D /* TitleCell.xib */; };
		8D0F8700271A85AE004E2A7D /* SaveButtonCell.swift in Sources */ = {isa = PBXBuildFile; fileRef = 8D0F86FE271A85AE004E2A7D /* SaveButtonCell.swift */; };
		8D0F8701271A85AE004E2A7D /* SaveButtonCell.xib in Resources */ = {isa = PBXBuildFile; fileRef = 8D0F86FF271A85AE004E2A7D /* SaveButtonCell.xib */; };
		8D0F8704271A9414004E2A7D /* ColorCell.swift in Sources */ = {isa = PBXBuildFile; fileRef = 8D0F8702271A9414004E2A7D /* ColorCell.swift */; };
		8D0F8705271A9414004E2A7D /* ColorCell.xib in Resources */ = {isa = PBXBuildFile; fileRef = 8D0F8703271A9414004E2A7D /* ColorCell.xib */; };
		8D0F8707271A9D54004E2A7D /* UIViewController+PickerView.swift in Sources */ = {isa = PBXBuildFile; fileRef = 8D0F8706271A9D54004E2A7D /* UIViewController+PickerView.swift */; };
		8D0F870B271AA938004E2A7D /* Definition.swift in Sources */ = {isa = PBXBuildFile; fileRef = 8D0F870A271AA938004E2A7D /* Definition.swift */; };
		8D0F870D271BD1A2004E2A7D /* RealmManager.swift in Sources */ = {isa = PBXBuildFile; fileRef = 8D0F870C271BD1A2004E2A7D /* RealmManager.swift */; };
		8D0F8713271BDF07004E2A7D /* GroupHeaderView.swift in Sources */ = {isa = PBXBuildFile; fileRef = 8D0F8712271BDF07004E2A7D /* GroupHeaderView.swift */; };
		8D24BA92272041D2004367F6 /* SettingCell.swift in Sources */ = {isa = PBXBuildFile; fileRef = 8D24BA90272041D2004367F6 /* SettingCell.swift */; };
		8D24BA93272041D2004367F6 /* SettingCell.xib in Resources */ = {isa = PBXBuildFile; fileRef = 8D24BA91272041D2004367F6 /* SettingCell.xib */; };
		8D2B24D7273639150078F4B5 /* NoteViewController.xib in Resources */ = {isa = PBXBuildFile; fileRef = 8D2B24D6273639150078F4B5 /* NoteViewController.xib */; };
		8D2B24D9273639B50078F4B5 /* SettingViewController.xib in Resources */ = {isa = PBXBuildFile; fileRef = 8D2B24D8273639B50078F4B5 /* SettingViewController.xib */; };
		8D2B24DB273644190078F4B5 /* AppCoordinator.swift in Sources */ = {isa = PBXBuildFile; fileRef = 8D2B24DA273644190078F4B5 /* AppCoordinator.swift */; };
		8D2B24DD273649750078F4B5 /* TaskDetailViewController.xib in Resources */ = {isa = PBXBuildFile; fileRef = 8D2B24DC273649750078F4B5 /* TaskDetailViewController.xib */; };
		8D2B24DF27364A7D0078F4B5 /* AddGroupViewController.xib in Resources */ = {isa = PBXBuildFile; fileRef = 8D2B24DE27364A7D0078F4B5 /* AddGroupViewController.xib */; };
		8D2B24E127364CED0078F4B5 /* AddTaskViewController.xib in Resources */ = {isa = PBXBuildFile; fileRef = 8D2B24E027364CED0078F4B5 /* AddTaskViewController.xib */; };
		8D2B24E5273651F40078F4B5 /* TaskCoordinator.swift in Sources */ = {isa = PBXBuildFile; fileRef = 8D2B24E4273651F40078F4B5 /* TaskCoordinator.swift */; };
		8D2B24E72736532E0078F4B5 /* TaskDetailCoordinator.swift in Sources */ = {isa = PBXBuildFile; fileRef = 8D2B24E62736532E0078F4B5 /* TaskDetailCoordinator.swift */; };
		8D2B24E927365A260078F4B5 /* TabCoordinator.swift in Sources */ = {isa = PBXBuildFile; fileRef = 8D2B24E827365A260078F4B5 /* TabCoordinator.swift */; };
		8D2B24EB273D328E0078F4B5 /* NoteCoordinator.swift in Sources */ = {isa = PBXBuildFile; fileRef = 8D2B24EA273D328E0078F4B5 /* NoteCoordinator.swift */; };
		8D2B24ED273D32EA0078F4B5 /* SettingCoordinator.swift in Sources */ = {isa = PBXBuildFile; fileRef = 8D2B24EC273D32EA0078F4B5 /* SettingCoordinator.swift */; };
		8D7E41A72723CC4800D87DD0 /* Network.swift in Sources */ = {isa = PBXBuildFile; fileRef = 8D7E41A62723CC4800D87DD0 /* Network.swift */; };
		8D7E41AA2723E32400D87DD0 /* TextViewCell.swift in Sources */ = {isa = PBXBuildFile; fileRef = 8D7E41A82723E32400D87DD0 /* TextViewCell.swift */; };
		8D7E41AB2723E32400D87DD0 /* TextViewCell.xib in Resources */ = {isa = PBXBuildFile; fileRef = 8D7E41A92723E32400D87DD0 /* TextViewCell.xib */; };
		8D7E41AD2723F5EC00D87DD0 /* SyncManager.swift in Sources */ = {isa = PBXBuildFile; fileRef = 8D7E41AC2723F5EC00D87DD0 /* SyncManager.swift */; };
		8D7E41AF272439F900D87DD0 /* TaskDetailViewController.swift in Sources */ = {isa = PBXBuildFile; fileRef = 8D7E41AE272439F900D87DD0 /* TaskDetailViewController.swift */; };
		8DAA5D4027361BE100FC0FD0 /* Coordinator.swift in Sources */ = {isa = PBXBuildFile; fileRef = 8DAA5D3F27361BE100FC0FD0 /* Coordinator.swift */; };
		8DAA5D482736270A00FC0FD0 /* TaskViewController.xib in Resources */ = {isa = PBXBuildFile; fileRef = 8DAA5D472736270A00FC0FD0 /* TaskViewController.xib */; };
		8DB5799B271BF40F005F8625 /* GroupHeaderView.xib in Resources */ = {isa = PBXBuildFile; fileRef = 8DB5799A271BF40F005F8625 /* GroupHeaderView.xib */; };
		8DB5799D271C0A2E005F8625 /* FirebaseManager.swift in Sources */ = {isa = PBXBuildFile; fileRef = 8DB5799C271C0A2E005F8625 /* FirebaseManager.swift */; };
		8DB5799F271C18DF005F8625 /* UIViewController+Indicator.swift in Sources */ = {isa = PBXBuildFile; fileRef = 8DB5799E271C18DF005F8625 /* UIViewController+Indicator.swift */; };
		8DB579A1271C3CBD005F8625 /* UIViewController+TextField.swift in Sources */ = {isa = PBXBuildFile; fileRef = 8DB579A0271C3CBD005F8625 /* UIViewController+TextField.swift */; };
		B163AFD74602C720D765194D /* Pods_ProcessNoteTests.framework in Frameworks */ = {isa = PBXBuildFile; fileRef = 1F8EAD993DB9D1FA2F0ACF7D /* Pods_ProcessNoteTests.framework */; };
/* End PBXBuildFile section */

/* Begin PBXContainerItemProxy section */
		8D0F86B0270C7771004E2A7D /* PBXContainerItemProxy */ = {
			isa = PBXContainerItemProxy;
			containerPortal = 8D0F8691270C776F004E2A7D /* Project object */;
			proxyType = 1;
			remoteGlobalIDString = 8D0F8698270C776F004E2A7D;
			remoteInfo = ProcessNote;
		};
		8D0F86BA270C7771004E2A7D /* PBXContainerItemProxy */ = {
			isa = PBXContainerItemProxy;
			containerPortal = 8D0F8691270C776F004E2A7D /* Project object */;
			proxyType = 1;
			remoteGlobalIDString = 8D0F8698270C776F004E2A7D;
			remoteInfo = ProcessNote;
		};
/* End PBXContainerItemProxy section */

/* Begin PBXFileReference section */
		0E3B1BD8F2A23174F29F19FD /* Pods-ProcessNoteTests.debug.xcconfig */ = {isa = PBXFileReference; includeInIndex = 1; lastKnownFileType = text.xcconfig; name = "Pods-ProcessNoteTests.debug.xcconfig"; path = "Target Support Files/Pods-ProcessNoteTests/Pods-ProcessNoteTests.debug.xcconfig"; sourceTree = "<group>"; };
		1F8EAD993DB9D1FA2F0ACF7D /* Pods_ProcessNoteTests.framework */ = {isa = PBXFileReference; explicitFileType = wrapper.framework; includeInIndex = 0; path = Pods_ProcessNoteTests.framework; sourceTree = BUILT_PRODUCTS_DIR; };
		2E2ABEF8C514445F42EFA42D /* Pods_ProcessNote.framework */ = {isa = PBXFileReference; explicitFileType = wrapper.framework; includeInIndex = 0; path = Pods_ProcessNote.framework; sourceTree = BUILT_PRODUCTS_DIR; };
		5B5BCAD8E5282481EA12FA28 /* Pods-ProcessNote.debug.xcconfig */ = {isa = PBXFileReference; includeInIndex = 1; lastKnownFileType = text.xcconfig; name = "Pods-ProcessNote.debug.xcconfig"; path = "Target Support Files/Pods-ProcessNote/Pods-ProcessNote.debug.xcconfig"; sourceTree = "<group>"; };
		8D0F8699270C776F004E2A7D /* ProcessNote.app */ = {isa = PBXFileReference; explicitFileType = wrapper.application; includeInIndex = 0; path = ProcessNote.app; sourceTree = BUILT_PRODUCTS_DIR; };
		8D0F869C270C776F004E2A7D /* AppDelegate.swift */ = {isa = PBXFileReference; lastKnownFileType = sourcecode.swift; path = AppDelegate.swift; sourceTree = "<group>"; };
		8D0F869E270C776F004E2A7D /* SceneDelegate.swift */ = {isa = PBXFileReference; lastKnownFileType = sourcecode.swift; path = SceneDelegate.swift; sourceTree = "<group>"; };
		8D0F86A5270C7771004E2A7D /* Assets.xcassets */ = {isa = PBXFileReference; lastKnownFileType = folder.assetcatalog; path = Assets.xcassets; sourceTree = "<group>"; };
		8D0F86A8270C7771004E2A7D /* Base */ = {isa = PBXFileReference; lastKnownFileType = file.storyboard; name = Base; path = Base.lproj/LaunchScreen.storyboard; sourceTree = "<group>"; };
		8D0F86AA270C7771004E2A7D /* Info.plist */ = {isa = PBXFileReference; lastKnownFileType = text.plist.xml; path = Info.plist; sourceTree = "<group>"; };
		8D0F86AF270C7771004E2A7D /* ProcessNoteTests.xctest */ = {isa = PBXFileReference; explicitFileType = wrapper.cfbundle; includeInIndex = 0; path = ProcessNoteTests.xctest; sourceTree = BUILT_PRODUCTS_DIR; };
		8D0F86B3270C7771004E2A7D /* ProcessNoteTests.swift */ = {isa = PBXFileReference; lastKnownFileType = sourcecode.swift; path = ProcessNoteTests.swift; sourceTree = "<group>"; };
		8D0F86B9270C7771004E2A7D /* ProcessNoteUITests.xctest */ = {isa = PBXFileReference; explicitFileType = wrapper.cfbundle; includeInIndex = 0; path = ProcessNoteUITests.xctest; sourceTree = BUILT_PRODUCTS_DIR; };
		8D0F86BD270C7771004E2A7D /* ProcessNoteUITests.swift */ = {isa = PBXFileReference; lastKnownFileType = sourcecode.swift; path = ProcessNoteUITests.swift; sourceTree = "<group>"; };
		8D0F86BF270C7771004E2A7D /* ProcessNoteUITestsLaunchTests.swift */ = {isa = PBXFileReference; lastKnownFileType = sourcecode.swift; path = ProcessNoteUITestsLaunchTests.swift; sourceTree = "<group>"; };
		8D0F86CD270C7AB2004E2A7D /* NoteViewController.swift */ = {isa = PBXFileReference; lastKnownFileType = sourcecode.swift; path = NoteViewController.swift; sourceTree = "<group>"; };
		8D0F86CF270C7D6B004E2A7D /* TaskViewController.swift */ = {isa = PBXFileReference; lastKnownFileType = sourcecode.swift; path = TaskViewController.swift; sourceTree = "<group>"; };
		8D0F86D1270C7DA7004E2A7D /* SettingViewController.swift */ = {isa = PBXFileReference; lastKnownFileType = sourcecode.swift; path = SettingViewController.swift; sourceTree = "<group>"; };
		8D0F86D7270C8432004E2A7D /* ja */ = {isa = PBXFileReference; lastKnownFileType = text.plist.strings; name = ja; path = ja.lproj/LaunchScreen.strings; sourceTree = "<group>"; };
		8D0F86DB270C8580004E2A7D /* ja */ = {isa = PBXFileReference; lastKnownFileType = text.plist.strings; name = ja; path = ja.lproj/Localizable.strings; sourceTree = "<group>"; };
		8D0F86DD270C8596004E2A7D /* en */ = {isa = PBXFileReference; lastKnownFileType = text.plist.strings; name = en; path = en.lproj/Localizable.strings; sourceTree = "<group>"; };
		8D0F86DE271191AA004E2A7D /* UIViewController+Alert.swift */ = {isa = PBXFileReference; lastKnownFileType = sourcecode.swift; path = "UIViewController+Alert.swift"; sourceTree = "<group>"; };
		8D0F86E02711BDEF004E2A7D /* GoogleService-Info.plist */ = {isa = PBXFileReference; fileEncoding = 4; lastKnownFileType = text.plist.xml; path = "GoogleService-Info.plist"; sourceTree = "<group>"; };
		8D0F86E327127FF8004E2A7D /* Group.swift */ = {isa = PBXFileReference; lastKnownFileType = sourcecode.swift; path = Group.swift; sourceTree = "<group>"; };
		8D0F86E527128ECE004E2A7D /* Task.swift */ = {isa = PBXFileReference; lastKnownFileType = sourcecode.swift; path = Task.swift; sourceTree = "<group>"; };
		8D0F86E72712965C004E2A7D /* Measures.swift */ = {isa = PBXFileReference; lastKnownFileType = sourcecode.swift; path = Measures.swift; sourceTree = "<group>"; };
		8D0F86E927129F88004E2A7D /* Note.swift */ = {isa = PBXFileReference; lastKnownFileType = sourcecode.swift; path = Note.swift; sourceTree = "<group>"; };
		8D0F86EB2712A8F1004E2A7D /* Memo.swift */ = {isa = PBXFileReference; lastKnownFileType = sourcecode.swift; path = Memo.swift; sourceTree = "<group>"; };
		8D0F86ED2712AC1F004E2A7D /* Setting.swift */ = {isa = PBXFileReference; lastKnownFileType = sourcecode.swift; path = Setting.swift; sourceTree = "<group>"; };
		8D0F86EF2712C7BD004E2A7D /* AddGroupViewController.swift */ = {isa = PBXFileReference; lastKnownFileType = sourcecode.swift; path = AddGroupViewController.swift; sourceTree = "<group>"; };
		8D0F86F5271A65CE004E2A7D /* AddTaskViewController.swift */ = {isa = PBXFileReference; lastKnownFileType = sourcecode.swift; path = AddTaskViewController.swift; sourceTree = "<group>"; };
		8D0F86F9271A8142004E2A7D /* TitleCell.swift */ = {isa = PBXFileReference; lastKnownFileType = sourcecode.swift; path = TitleCell.swift; sourceTree = "<group>"; };
		8D0F86FA271A8142004E2A7D /* TitleCell.xib */ = {isa = PBXFileReference; lastKnownFileType = file.xib; path = TitleCell.xib; sourceTree = "<group>"; };
		8D0F86FE271A85AE004E2A7D /* SaveButtonCell.swift */ = {isa = PBXFileReference; lastKnownFileType = sourcecode.swift; path = SaveButtonCell.swift; sourceTree = "<group>"; };
		8D0F86FF271A85AE004E2A7D /* SaveButtonCell.xib */ = {isa = PBXFileReference; lastKnownFileType = file.xib; path = SaveButtonCell.xib; sourceTree = "<group>"; };
		8D0F8702271A9414004E2A7D /* ColorCell.swift */ = {isa = PBXFileReference; lastKnownFileType = sourcecode.swift; path = ColorCell.swift; sourceTree = "<group>"; };
		8D0F8703271A9414004E2A7D /* ColorCell.xib */ = {isa = PBXFileReference; lastKnownFileType = file.xib; path = ColorCell.xib; sourceTree = "<group>"; };
		8D0F8706271A9D54004E2A7D /* UIViewController+PickerView.swift */ = {isa = PBXFileReference; lastKnownFileType = sourcecode.swift; path = "UIViewController+PickerView.swift"; sourceTree = "<group>"; };
		8D0F870A271AA938004E2A7D /* Definition.swift */ = {isa = PBXFileReference; lastKnownFileType = sourcecode.swift; path = Definition.swift; sourceTree = "<group>"; };
		8D0F870C271BD1A2004E2A7D /* RealmManager.swift */ = {isa = PBXFileReference; lastKnownFileType = sourcecode.swift; path = RealmManager.swift; sourceTree = "<group>"; };
		8D0F8712271BDF07004E2A7D /* GroupHeaderView.swift */ = {isa = PBXFileReference; lastKnownFileType = sourcecode.swift; path = GroupHeaderView.swift; sourceTree = "<group>"; };
		8D24BA90272041D2004367F6 /* SettingCell.swift */ = {isa = PBXFileReference; lastKnownFileType = sourcecode.swift; path = SettingCell.swift; sourceTree = "<group>"; };
		8D24BA91272041D2004367F6 /* SettingCell.xib */ = {isa = PBXFileReference; lastKnownFileType = file.xib; path = SettingCell.xib; sourceTree = "<group>"; };
		8D2B24D6273639150078F4B5 /* NoteViewController.xib */ = {isa = PBXFileReference; lastKnownFileType = file.xib; path = NoteViewController.xib; sourceTree = "<group>"; };
		8D2B24D8273639B50078F4B5 /* SettingViewController.xib */ = {isa = PBXFileReference; lastKnownFileType = file.xib; path = SettingViewController.xib; sourceTree = "<group>"; };
		8D2B24DA273644190078F4B5 /* AppCoordinator.swift */ = {isa = PBXFileReference; lastKnownFileType = sourcecode.swift; path = AppCoordinator.swift; sourceTree = "<group>"; };
		8D2B24DC273649750078F4B5 /* TaskDetailViewController.xib */ = {isa = PBXFileReference; lastKnownFileType = file.xib; path = TaskDetailViewController.xib; sourceTree = "<group>"; };
		8D2B24DE27364A7D0078F4B5 /* AddGroupViewController.xib */ = {isa = PBXFileReference; lastKnownFileType = file.xib; path = AddGroupViewController.xib; sourceTree = "<group>"; };
		8D2B24E027364CED0078F4B5 /* AddTaskViewController.xib */ = {isa = PBXFileReference; lastKnownFileType = file.xib; path = AddTaskViewController.xib; sourceTree = "<group>"; };
		8D2B24E4273651F40078F4B5 /* TaskCoordinator.swift */ = {isa = PBXFileReference; lastKnownFileType = sourcecode.swift; path = TaskCoordinator.swift; sourceTree = "<group>"; };
		8D2B24E62736532E0078F4B5 /* TaskDetailCoordinator.swift */ = {isa = PBXFileReference; lastKnownFileType = sourcecode.swift; path = TaskDetailCoordinator.swift; sourceTree = "<group>"; };
		8D2B24E827365A260078F4B5 /* TabCoordinator.swift */ = {isa = PBXFileReference; lastKnownFileType = sourcecode.swift; path = TabCoordinator.swift; sourceTree = "<group>"; };
		8D2B24EA273D328E0078F4B5 /* NoteCoordinator.swift */ = {isa = PBXFileReference; lastKnownFileType = sourcecode.swift; path = NoteCoordinator.swift; sourceTree = "<group>"; };
		8D2B24EC273D32EA0078F4B5 /* SettingCoordinator.swift */ = {isa = PBXFileReference; lastKnownFileType = sourcecode.swift; path = SettingCoordinator.swift; sourceTree = "<group>"; };
		8D7E41A62723CC4800D87DD0 /* Network.swift */ = {isa = PBXFileReference; lastKnownFileType = sourcecode.swift; path = Network.swift; sourceTree = "<group>"; };
		8D7E41A82723E32400D87DD0 /* TextViewCell.swift */ = {isa = PBXFileReference; lastKnownFileType = sourcecode.swift; path = TextViewCell.swift; sourceTree = "<group>"; };
		8D7E41A92723E32400D87DD0 /* TextViewCell.xib */ = {isa = PBXFileReference; lastKnownFileType = file.xib; path = TextViewCell.xib; sourceTree = "<group>"; };
		8D7E41AC2723F5EC00D87DD0 /* SyncManager.swift */ = {isa = PBXFileReference; lastKnownFileType = sourcecode.swift; path = SyncManager.swift; sourceTree = "<group>"; };
		8D7E41AE272439F900D87DD0 /* TaskDetailViewController.swift */ = {isa = PBXFileReference; lastKnownFileType = sourcecode.swift; path = TaskDetailViewController.swift; sourceTree = "<group>"; };
		8DAA5D3F27361BE100FC0FD0 /* Coordinator.swift */ = {isa = PBXFileReference; lastKnownFileType = sourcecode.swift; path = Coordinator.swift; sourceTree = "<group>"; };
		8DAA5D472736270A00FC0FD0 /* TaskViewController.xib */ = {isa = PBXFileReference; lastKnownFileType = file.xib; path = TaskViewController.xib; sourceTree = "<group>"; };
		8DB5799A271BF40F005F8625 /* GroupHeaderView.xib */ = {isa = PBXFileReference; lastKnownFileType = file.xib; path = GroupHeaderView.xib; sourceTree = "<group>"; };
		8DB5799C271C0A2E005F8625 /* FirebaseManager.swift */ = {isa = PBXFileReference; lastKnownFileType = sourcecode.swift; path = FirebaseManager.swift; sourceTree = "<group>"; };
		8DB5799E271C18DF005F8625 /* UIViewController+Indicator.swift */ = {isa = PBXFileReference; lastKnownFileType = sourcecode.swift; path = "UIViewController+Indicator.swift"; sourceTree = "<group>"; };
		8DB579A0271C3CBD005F8625 /* UIViewController+TextField.swift */ = {isa = PBXFileReference; lastKnownFileType = sourcecode.swift; path = "UIViewController+TextField.swift"; sourceTree = "<group>"; };
		A8C21E028BEA1BD922754EE7 /* Pods-ProcessNoteTests.release.xcconfig */ = {isa = PBXFileReference; includeInIndex = 1; lastKnownFileType = text.xcconfig; name = "Pods-ProcessNoteTests.release.xcconfig"; path = "Target Support Files/Pods-ProcessNoteTests/Pods-ProcessNoteTests.release.xcconfig"; sourceTree = "<group>"; };
		AE478A9D4CF8D4A66167466B /* Pods-ProcessNote.release.xcconfig */ = {isa = PBXFileReference; includeInIndex = 1; lastKnownFileType = text.xcconfig; name = "Pods-ProcessNote.release.xcconfig"; path = "Target Support Files/Pods-ProcessNote/Pods-ProcessNote.release.xcconfig"; sourceTree = "<group>"; };
/* End PBXFileReference section */

/* Begin PBXFrameworksBuildPhase section */
		8D0F8696270C776F004E2A7D /* Frameworks */ = {
			isa = PBXFrameworksBuildPhase;
			buildActionMask = 2147483647;
			files = (
				1A70F61EFF9E77D65CCD2F54 /* Pods_ProcessNote.framework in Frameworks */,
			);
			runOnlyForDeploymentPostprocessing = 0;
		};
		8D0F86AC270C7771004E2A7D /* Frameworks */ = {
			isa = PBXFrameworksBuildPhase;
			buildActionMask = 2147483647;
			files = (
				B163AFD74602C720D765194D /* Pods_ProcessNoteTests.framework in Frameworks */,
			);
			runOnlyForDeploymentPostprocessing = 0;
		};
		8D0F86B6270C7771004E2A7D /* Frameworks */ = {
			isa = PBXFrameworksBuildPhase;
			buildActionMask = 2147483647;
			files = (
			);
			runOnlyForDeploymentPostprocessing = 0;
		};
/* End PBXFrameworksBuildPhase section */

/* Begin PBXGroup section */
		23E4D3D96756E6EA38049040 /* Frameworks */ = {
			isa = PBXGroup;
			children = (
				2E2ABEF8C514445F42EFA42D /* Pods_ProcessNote.framework */,
				1F8EAD993DB9D1FA2F0ACF7D /* Pods_ProcessNoteTests.framework */,
			);
			name = Frameworks;
			sourceTree = "<group>";
		};
		84243BD41110AB62569FAA58 /* Pods */ = {
			isa = PBXGroup;
			children = (
				5B5BCAD8E5282481EA12FA28 /* Pods-ProcessNote.debug.xcconfig */,
				AE478A9D4CF8D4A66167466B /* Pods-ProcessNote.release.xcconfig */,
				0E3B1BD8F2A23174F29F19FD /* Pods-ProcessNoteTests.debug.xcconfig */,
				A8C21E028BEA1BD922754EE7 /* Pods-ProcessNoteTests.release.xcconfig */,
			);
			path = Pods;
			sourceTree = "<group>";
		};
		8D09E74227488B520005F809 /* Resource */ = {
			isa = PBXGroup;
			children = (
				8D0F86DC270C8580004E2A7D /* Localizable.strings */,
				8D0F86A5270C7771004E2A7D /* Assets.xcassets */,
				8D0F86AA270C7771004E2A7D /* Info.plist */,
				8D0F86E02711BDEF004E2A7D /* GoogleService-Info.plist */,
			);
			path = Resource;
			sourceTree = "<group>";
		};
		8D09E74327488C660005F809 /* Application */ = {
			isa = PBXGroup;
			children = (
				8D0F86A7270C7771004E2A7D /* LaunchScreen.storyboard */,
				8D0F869C270C776F004E2A7D /* AppDelegate.swift */,
				8D0F869E270C776F004E2A7D /* SceneDelegate.swift */,
			);
			path = Application;
			sourceTree = "<group>";
		};
		8D09E74427488C950005F809 /* Task */ = {
			isa = PBXGroup;
			children = (
				8D0F86E527128ECE004E2A7D /* Task.swift */,
				8D0F86E327127FF8004E2A7D /* Group.swift */,
				8D0F86E72712965C004E2A7D /* Measures.swift */,
			);
			path = Task;
			sourceTree = "<group>";
		};
		8D09E74527488CC40005F809 /* DB */ = {
			isa = PBXGroup;
			children = (
				8D7E41AC2723F5EC00D87DD0 /* SyncManager.swift */,
				8D0F870C271BD1A2004E2A7D /* RealmManager.swift */,
				8DB5799C271C0A2E005F8625 /* FirebaseManager.swift */,
			);
			path = DB;
			sourceTree = "<group>";
		};
		8D09E74627488CF20005F809 /* Note */ = {
			isa = PBXGroup;
			children = (
				8D0F86E927129F88004E2A7D /* Note.swift */,
				8D0F86EB2712A8F1004E2A7D /* Memo.swift */,
			);
			path = Note;
			sourceTree = "<group>";
		};
		8D09E74727488D050005F809 /* Setting */ = {
			isa = PBXGroup;
			children = (
				8D0F86ED2712AC1F004E2A7D /* Setting.swift */,
			);
			path = Setting;
			sourceTree = "<group>";
		};
		8D09E74827488DA40005F809 /* View */ = {
			isa = PBXGroup;
			children = (
				8D09E74927488DD40005F809 /* CustomHeader */,
				8D0F86FD271A8447004E2A7D /* CustomCell */,
			);
			path = View;
			sourceTree = "<group>";
		};
		8D09E74927488DD40005F809 /* CustomHeader */ = {
			isa = PBXGroup;
			children = (
				8D0F8712271BDF07004E2A7D /* GroupHeaderView.swift */,
				8DB5799A271BF40F005F8625 /* GroupHeaderView.xib */,
			);
			path = CustomHeader;
			sourceTree = "<group>";
		};
		8D0F8690270C776F004E2A7D = {
			isa = PBXGroup;
			children = (
				8D0F869B270C776F004E2A7D /* ProcessNote */,
				8D0F86B2270C7771004E2A7D /* ProcessNoteTests */,
				8D0F86BC270C7771004E2A7D /* ProcessNoteUITests */,
				8D0F869A270C776F004E2A7D /* Products */,
				84243BD41110AB62569FAA58 /* Pods */,
				23E4D3D96756E6EA38049040 /* Frameworks */,
			);
			sourceTree = "<group>";
		};
		8D0F869A270C776F004E2A7D /* Products */ = {
			isa = PBXGroup;
			children = (
				8D0F8699270C776F004E2A7D /* ProcessNote.app */,
				8D0F86AF270C7771004E2A7D /* ProcessNoteTests.xctest */,
				8D0F86B9270C7771004E2A7D /* ProcessNoteUITests.xctest */,
			);
			name = Products;
			sourceTree = "<group>";
		};
		8D0F869B270C776F004E2A7D /* ProcessNote */ = {
			isa = PBXGroup;
			children = (
				8D09E74327488C660005F809 /* Application */,
				8D0F86E227127F64004E2A7D /* Model */,
				8D09E74827488DA40005F809 /* View */,
				8D0F86CC270C7A4C004E2A7D /* Controller */,
				8DAA5D3B2736194D00FC0FD0 /* Coordinator */,
				8D0F86D3270C7F25004E2A7D /* Utils */,
				8D09E74227488B520005F809 /* Resource */,
			);
			path = ProcessNote;
			sourceTree = "<group>";
		};
		8D0F86B2270C7771004E2A7D /* ProcessNoteTests */ = {
			isa = PBXGroup;
			children = (
				8D0F86B3270C7771004E2A7D /* ProcessNoteTests.swift */,
			);
			path = ProcessNoteTests;
			sourceTree = "<group>";
		};
		8D0F86BC270C7771004E2A7D /* ProcessNoteUITests */ = {
			isa = PBXGroup;
			children = (
				8D0F86BD270C7771004E2A7D /* ProcessNoteUITests.swift */,
				8D0F86BF270C7771004E2A7D /* ProcessNoteUITestsLaunchTests.swift */,
			);
			path = ProcessNoteUITests;
			sourceTree = "<group>";
		};
		8D0F86CC270C7A4C004E2A7D /* Controller */ = {
			isa = PBXGroup;
			children = (
				8DAA5D3C2736199300FC0FD0 /* Task */,
				8DAA5D3D273619B000FC0FD0 /* Note */,
				8DAA5D3E273619E500FC0FD0 /* Setting */,
			);
			path = Controller;
			sourceTree = "<group>";
		};
		8D0F86D3270C7F25004E2A7D /* Utils */ = {
			isa = PBXGroup;
			children = (
				8D0F870A271AA938004E2A7D /* Definition.swift */,
				8D7E41A62723CC4800D87DD0 /* Network.swift */,
				8D0F86DE271191AA004E2A7D /* UIViewController+Alert.swift */,
				8D0F8706271A9D54004E2A7D /* UIViewController+PickerView.swift */,
				8DB5799E271C18DF005F8625 /* UIViewController+Indicator.swift */,
				8DB579A0271C3CBD005F8625 /* UIViewController+TextField.swift */,
			);
			path = Utils;
			sourceTree = "<group>";
		};
		8D0F86E227127F64004E2A7D /* Model */ = {
			isa = PBXGroup;
			children = (
				8D09E74527488CC40005F809 /* DB */,
				8D09E74427488C950005F809 /* Task */,
				8D09E74627488CF20005F809 /* Note */,
				8D09E74727488D050005F809 /* Setting */,
			);
			path = Model;
			sourceTree = "<group>";
		};
		8D0F86FD271A8447004E2A7D /* CustomCell */ = {
			isa = PBXGroup;
			children = (
				8D0F86F9271A8142004E2A7D /* TitleCell.swift */,
				8D0F86FA271A8142004E2A7D /* TitleCell.xib */,
				8D7E41A82723E32400D87DD0 /* TextViewCell.swift */,
				8D7E41A92723E32400D87DD0 /* TextViewCell.xib */,
				8D0F8702271A9414004E2A7D /* ColorCell.swift */,
				8D0F8703271A9414004E2A7D /* ColorCell.xib */,
				8D0F86FE271A85AE004E2A7D /* SaveButtonCell.swift */,
				8D0F86FF271A85AE004E2A7D /* SaveButtonCell.xib */,
				8D24BA90272041D2004367F6 /* SettingCell.swift */,
				8D24BA91272041D2004367F6 /* SettingCell.xib */,
			);
			path = CustomCell;
			sourceTree = "<group>";
		};
		8DAA5D3B2736194D00FC0FD0 /* Coordinator */ = {
			isa = PBXGroup;
			children = (
				8DAA5D3F27361BE100FC0FD0 /* Coordinator.swift */,
				8D2B24DA273644190078F4B5 /* AppCoordinator.swift */,
				8D2B24E827365A260078F4B5 /* TabCoordinator.swift */,
				8D2B24EA273D328E0078F4B5 /* NoteCoordinator.swift */,
				8D2B24E4273651F40078F4B5 /* TaskCoordinator.swift */,
				8D2B24E62736532E0078F4B5 /* TaskDetailCoordinator.swift */,
				8D2B24EC273D32EA0078F4B5 /* SettingCoordinator.swift */,
			);
			path = Coordinator;
			sourceTree = "<group>";
		};
		8DAA5D3C2736199300FC0FD0 /* Task */ = {
			isa = PBXGroup;
			children = (
				8D0F86CF270C7D6B004E2A7D /* TaskViewController.swift */,
				8DAA5D472736270A00FC0FD0 /* TaskViewController.xib */,
				8D0F86EF2712C7BD004E2A7D /* AddGroupViewController.swift */,
				8D2B24DE27364A7D0078F4B5 /* AddGroupViewController.xib */,
				8D0F86F5271A65CE004E2A7D /* AddTaskViewController.swift */,
				8D2B24E027364CED0078F4B5 /* AddTaskViewController.xib */,
				8D7E41AE272439F900D87DD0 /* TaskDetailViewController.swift */,
				8D2B24DC273649750078F4B5 /* TaskDetailViewController.xib */,
			);
			path = Task;
			sourceTree = "<group>";
		};
		8DAA5D3D273619B000FC0FD0 /* Note */ = {
			isa = PBXGroup;
			children = (
				8D0F86CD270C7AB2004E2A7D /* NoteViewController.swift */,
				8D2B24D6273639150078F4B5 /* NoteViewController.xib */,
			);
			path = Note;
			sourceTree = "<group>";
		};
		8DAA5D3E273619E500FC0FD0 /* Setting */ = {
			isa = PBXGroup;
			children = (
				8D0F86D1270C7DA7004E2A7D /* SettingViewController.swift */,
				8D2B24D8273639B50078F4B5 /* SettingViewController.xib */,
			);
			path = Setting;
			sourceTree = "<group>";
		};
/* End PBXGroup section */

/* Begin PBXNativeTarget section */
		8D0F8698270C776F004E2A7D /* ProcessNote */ = {
			isa = PBXNativeTarget;
			buildConfigurationList = 8D0F86C3270C7771004E2A7D /* Build configuration list for PBXNativeTarget "ProcessNote" */;
			buildPhases = (
				5A69C02B50BAEC4C91598297 /* [CP] Check Pods Manifest.lock */,
				8D0F8695270C776F004E2A7D /* Sources */,
				8D0F8696270C776F004E2A7D /* Frameworks */,
				8D0F8697270C776F004E2A7D /* Resources */,
				E5FFD06D7BF6EEDBB3932AC3 /* [CP] Embed Pods Frameworks */,
			);
			buildRules = (
			);
			dependencies = (
			);
			name = ProcessNote;
			productName = ProcessNote;
			productReference = 8D0F8699270C776F004E2A7D /* ProcessNote.app */;
			productType = "com.apple.product-type.application";
		};
		8D0F86AE270C7771004E2A7D /* ProcessNoteTests */ = {
			isa = PBXNativeTarget;
			buildConfigurationList = 8D0F86C6270C7771004E2A7D /* Build configuration list for PBXNativeTarget "ProcessNoteTests" */;
			buildPhases = (
				D9AB5F15F98C496D0B5F3345 /* [CP] Check Pods Manifest.lock */,
				8D0F86AB270C7771004E2A7D /* Sources */,
				8D0F86AC270C7771004E2A7D /* Frameworks */,
				8D0F86AD270C7771004E2A7D /* Resources */,
				ADAE109AF8A930A7BDE9E86D /* [CP] Embed Pods Frameworks */,
			);
			buildRules = (
			);
			dependencies = (
				8D0F86B1270C7771004E2A7D /* PBXTargetDependency */,
			);
			name = ProcessNoteTests;
			productName = ProcessNoteTests;
			productReference = 8D0F86AF270C7771004E2A7D /* ProcessNoteTests.xctest */;
			productType = "com.apple.product-type.bundle.unit-test";
		};
		8D0F86B8270C7771004E2A7D /* ProcessNoteUITests */ = {
			isa = PBXNativeTarget;
			buildConfigurationList = 8D0F86C9270C7771004E2A7D /* Build configuration list for PBXNativeTarget "ProcessNoteUITests" */;
			buildPhases = (
				8D0F86B5270C7771004E2A7D /* Sources */,
				8D0F86B6270C7771004E2A7D /* Frameworks */,
				8D0F86B7270C7771004E2A7D /* Resources */,
			);
			buildRules = (
			);
			dependencies = (
				8D0F86BB270C7771004E2A7D /* PBXTargetDependency */,
			);
			name = ProcessNoteUITests;
			productName = ProcessNoteUITests;
			productReference = 8D0F86B9270C7771004E2A7D /* ProcessNoteUITests.xctest */;
			productType = "com.apple.product-type.bundle.ui-testing";
		};
/* End PBXNativeTarget section */

/* Begin PBXProject section */
		8D0F8691270C776F004E2A7D /* Project object */ = {
			isa = PBXProject;
			attributes = {
				BuildIndependentTargetsInParallel = 1;
				LastSwiftUpdateCheck = 1300;
				LastUpgradeCheck = 1300;
				TargetAttributes = {
					8D0F8698270C776F004E2A7D = {
						CreatedOnToolsVersion = 13.0;
					};
					8D0F86AE270C7771004E2A7D = {
						CreatedOnToolsVersion = 13.0;
						TestTargetID = 8D0F8698270C776F004E2A7D;
					};
					8D0F86B8270C7771004E2A7D = {
						CreatedOnToolsVersion = 13.0;
						TestTargetID = 8D0F8698270C776F004E2A7D;
					};
				};
			};
			buildConfigurationList = 8D0F8694270C776F004E2A7D /* Build configuration list for PBXProject "ProcessNote" */;
			compatibilityVersion = "Xcode 13.0";
			developmentRegion = en;
			hasScannedForEncodings = 0;
			knownRegions = (
				en,
				Base,
				ja,
			);
			mainGroup = 8D0F8690270C776F004E2A7D;
			productRefGroup = 8D0F869A270C776F004E2A7D /* Products */;
			projectDirPath = "";
			projectRoot = "";
			targets = (
				8D0F8698270C776F004E2A7D /* ProcessNote */,
				8D0F86AE270C7771004E2A7D /* ProcessNoteTests */,
				8D0F86B8270C7771004E2A7D /* ProcessNoteUITests */,
			);
		};
/* End PBXProject section */

/* Begin PBXResourcesBuildPhase section */
		8D0F8697270C776F004E2A7D /* Resources */ = {
			isa = PBXResourcesBuildPhase;
			buildActionMask = 2147483647;
			files = (
				8D0F86A9270C7771004E2A7D /* LaunchScreen.storyboard in Resources */,
				8DB5799B271BF40F005F8625 /* GroupHeaderView.xib in Resources */,
				8D0F86DA270C8580004E2A7D /* Localizable.strings in Resources */,
				8D2B24D9273639B50078F4B5 /* SettingViewController.xib in Resources */,
				8D0F86FC271A8142004E2A7D /* TitleCell.xib in Resources */,
				8D2B24E127364CED0078F4B5 /* AddTaskViewController.xib in Resources */,
				8D2B24D7273639150078F4B5 /* NoteViewController.xib in Resources */,
				8D7E41AB2723E32400D87DD0 /* TextViewCell.xib in Resources */,
				8D0F8701271A85AE004E2A7D /* SaveButtonCell.xib in Resources */,
				8D0F86E12711BDEF004E2A7D /* GoogleService-Info.plist in Resources */,
				8D24BA93272041D2004367F6 /* SettingCell.xib in Resources */,
				8D0F8705271A9414004E2A7D /* ColorCell.xib in Resources */,
				8DAA5D482736270A00FC0FD0 /* TaskViewController.xib in Resources */,
				8D2B24DF27364A7D0078F4B5 /* AddGroupViewController.xib in Resources */,
				8D2B24DD273649750078F4B5 /* TaskDetailViewController.xib in Resources */,
				8D0F86A6270C7771004E2A7D /* Assets.xcassets in Resources */,
			);
			runOnlyForDeploymentPostprocessing = 0;
		};
		8D0F86AD270C7771004E2A7D /* Resources */ = {
			isa = PBXResourcesBuildPhase;
			buildActionMask = 2147483647;
			files = (
			);
			runOnlyForDeploymentPostprocessing = 0;
		};
		8D0F86B7270C7771004E2A7D /* Resources */ = {
			isa = PBXResourcesBuildPhase;
			buildActionMask = 2147483647;
			files = (
			);
			runOnlyForDeploymentPostprocessing = 0;
		};
/* End PBXResourcesBuildPhase section */

/* Begin PBXShellScriptBuildPhase section */
		5A69C02B50BAEC4C91598297 /* [CP] Check Pods Manifest.lock */ = {
			isa = PBXShellScriptBuildPhase;
			buildActionMask = 2147483647;
			files = (
			);
			inputFileListPaths = (
			);
			inputPaths = (
				"${PODS_PODFILE_DIR_PATH}/Podfile.lock",
				"${PODS_ROOT}/Manifest.lock",
			);
			name = "[CP] Check Pods Manifest.lock";
			outputFileListPaths = (
			);
			outputPaths = (
				"$(DERIVED_FILE_DIR)/Pods-ProcessNote-checkManifestLockResult.txt",
			);
			runOnlyForDeploymentPostprocessing = 0;
			shellPath = /bin/sh;
			shellScript = "diff \"${PODS_PODFILE_DIR_PATH}/Podfile.lock\" \"${PODS_ROOT}/Manifest.lock\" > /dev/null\nif [ $? != 0 ] ; then\n    # print error to STDERR\n    echo \"error: The sandbox is not in sync with the Podfile.lock. Run 'pod install' or update your CocoaPods installation.\" >&2\n    exit 1\nfi\n# This output is used by Xcode 'outputs' to avoid re-running this script phase.\necho \"SUCCESS\" > \"${SCRIPT_OUTPUT_FILE_0}\"\n";
			showEnvVarsInLog = 0;
		};
		ADAE109AF8A930A7BDE9E86D /* [CP] Embed Pods Frameworks */ = {
			isa = PBXShellScriptBuildPhase;
			buildActionMask = 2147483647;
			files = (
			);
			inputFileListPaths = (
				"${PODS_ROOT}/Target Support Files/Pods-ProcessNoteTests/Pods-ProcessNoteTests-frameworks-${CONFIGURATION}-input-files.xcfilelist",
			);
			name = "[CP] Embed Pods Frameworks";
			outputFileListPaths = (
				"${PODS_ROOT}/Target Support Files/Pods-ProcessNoteTests/Pods-ProcessNoteTests-frameworks-${CONFIGURATION}-output-files.xcfilelist",
			);
			runOnlyForDeploymentPostprocessing = 0;
			shellPath = /bin/sh;
			shellScript = "\"${PODS_ROOT}/Target Support Files/Pods-ProcessNoteTests/Pods-ProcessNoteTests-frameworks.sh\"\n";
			showEnvVarsInLog = 0;
		};
		D9AB5F15F98C496D0B5F3345 /* [CP] Check Pods Manifest.lock */ = {
			isa = PBXShellScriptBuildPhase;
			buildActionMask = 2147483647;
			files = (
			);
			inputFileListPaths = (
			);
			inputPaths = (
				"${PODS_PODFILE_DIR_PATH}/Podfile.lock",
				"${PODS_ROOT}/Manifest.lock",
			);
			name = "[CP] Check Pods Manifest.lock";
			outputFileListPaths = (
			);
			outputPaths = (
				"$(DERIVED_FILE_DIR)/Pods-ProcessNoteTests-checkManifestLockResult.txt",
			);
			runOnlyForDeploymentPostprocessing = 0;
			shellPath = /bin/sh;
			shellScript = "diff \"${PODS_PODFILE_DIR_PATH}/Podfile.lock\" \"${PODS_ROOT}/Manifest.lock\" > /dev/null\nif [ $? != 0 ] ; then\n    # print error to STDERR\n    echo \"error: The sandbox is not in sync with the Podfile.lock. Run 'pod install' or update your CocoaPods installation.\" >&2\n    exit 1\nfi\n# This output is used by Xcode 'outputs' to avoid re-running this script phase.\necho \"SUCCESS\" > \"${SCRIPT_OUTPUT_FILE_0}\"\n";
			showEnvVarsInLog = 0;
		};
		E5FFD06D7BF6EEDBB3932AC3 /* [CP] Embed Pods Frameworks */ = {
			isa = PBXShellScriptBuildPhase;
			buildActionMask = 2147483647;
			files = (
			);
			inputFileListPaths = (
				"${PODS_ROOT}/Target Support Files/Pods-ProcessNote/Pods-ProcessNote-frameworks-${CONFIGURATION}-input-files.xcfilelist",
			);
			name = "[CP] Embed Pods Frameworks";
			outputFileListPaths = (
				"${PODS_ROOT}/Target Support Files/Pods-ProcessNote/Pods-ProcessNote-frameworks-${CONFIGURATION}-output-files.xcfilelist",
			);
			runOnlyForDeploymentPostprocessing = 0;
			shellPath = /bin/sh;
			shellScript = "\"${PODS_ROOT}/Target Support Files/Pods-ProcessNote/Pods-ProcessNote-frameworks.sh\"\n";
			showEnvVarsInLog = 0;
		};
/* End PBXShellScriptBuildPhase section */

/* Begin PBXSourcesBuildPhase section */
		8D0F8695270C776F004E2A7D /* Sources */ = {
			isa = PBXSourcesBuildPhase;
			buildActionMask = 2147483647;
			files = (
				8D2B24E72736532E0078F4B5 /* TaskDetailCoordinator.swift in Sources */,
				8D7E41AD2723F5EC00D87DD0 /* SyncManager.swift in Sources */,
				8D0F86E427127FF8004E2A7D /* Group.swift in Sources */,
				8D2B24E927365A260078F4B5 /* TabCoordinator.swift in Sources */,
				8D2B24DB273644190078F4B5 /* AppCoordinator.swift in Sources */,
				8D0F86D2270C7DA7004E2A7D /* SettingViewController.swift in Sources */,
				8D0F86E82712965C004E2A7D /* Measures.swift in Sources */,
				8D0F86EC2712A8F1004E2A7D /* Memo.swift in Sources */,
				8DB579A1271C3CBD005F8625 /* UIViewController+TextField.swift in Sources */,
				8D0F8713271BDF07004E2A7D /* GroupHeaderView.swift in Sources */,
				8D0F86F6271A65CE004E2A7D /* AddTaskViewController.swift in Sources */,
				8D0F870D271BD1A2004E2A7D /* RealmManager.swift in Sources */,
				8D0F86EE2712AC1F004E2A7D /* Setting.swift in Sources */,
				8DB5799F271C18DF005F8625 /* UIViewController+Indicator.swift in Sources */,
				8D0F86CE270C7AB2004E2A7D /* NoteViewController.swift in Sources */,
				8D0F86D0270C7D6B004E2A7D /* TaskViewController.swift in Sources */,
				8D0F86F02712C7BD004E2A7D /* AddGroupViewController.swift in Sources */,
				8D2B24E5273651F40078F4B5 /* TaskCoordinator.swift in Sources */,
				8D7E41AA2723E32400D87DD0 /* TextViewCell.swift in Sources */,
				8D0F8700271A85AE004E2A7D /* SaveButtonCell.swift in Sources */,
				8D0F8704271A9414004E2A7D /* ColorCell.swift in Sources */,
				8D2B24EB273D328E0078F4B5 /* NoteCoordinator.swift in Sources */,
				8D2B24ED273D32EA0078F4B5 /* SettingCoordinator.swift in Sources */,
				8D0F870B271AA938004E2A7D /* Definition.swift in Sources */,
				8D0F869D270C776F004E2A7D /* AppDelegate.swift in Sources */,
				8D0F86EA27129F88004E2A7D /* Note.swift in Sources */,
				8D0F86FB271A8142004E2A7D /* TitleCell.swift in Sources */,
				8D24BA92272041D2004367F6 /* SettingCell.swift in Sources */,
				8D0F869F270C776F004E2A7D /* SceneDelegate.swift in Sources */,
				8DAA5D4027361BE100FC0FD0 /* Coordinator.swift in Sources */,
				8D7E41AF272439F900D87DD0 /* TaskDetailViewController.swift in Sources */,
				8D0F86E627128ECE004E2A7D /* Task.swift in Sources */,
				8D7E41A72723CC4800D87DD0 /* Network.swift in Sources */,
				8DB5799D271C0A2E005F8625 /* FirebaseManager.swift in Sources */,
				8D0F8707271A9D54004E2A7D /* UIViewController+PickerView.swift in Sources */,
				8D0F86DF271191AA004E2A7D /* UIViewController+Alert.swift in Sources */,
			);
			runOnlyForDeploymentPostprocessing = 0;
		};
		8D0F86AB270C7771004E2A7D /* Sources */ = {
			isa = PBXSourcesBuildPhase;
			buildActionMask = 2147483647;
			files = (
				8D0F86B4270C7771004E2A7D /* ProcessNoteTests.swift in Sources */,
			);
			runOnlyForDeploymentPostprocessing = 0;
		};
		8D0F86B5270C7771004E2A7D /* Sources */ = {
			isa = PBXSourcesBuildPhase;
			buildActionMask = 2147483647;
			files = (
				8D0F86C0270C7771004E2A7D /* ProcessNoteUITestsLaunchTests.swift in Sources */,
				8D0F86BE270C7771004E2A7D /* ProcessNoteUITests.swift in Sources */,
			);
			runOnlyForDeploymentPostprocessing = 0;
		};
/* End PBXSourcesBuildPhase section */

/* Begin PBXTargetDependency section */
		8D0F86B1270C7771004E2A7D /* PBXTargetDependency */ = {
			isa = PBXTargetDependency;
			target = 8D0F8698270C776F004E2A7D /* ProcessNote */;
			targetProxy = 8D0F86B0270C7771004E2A7D /* PBXContainerItemProxy */;
		};
		8D0F86BB270C7771004E2A7D /* PBXTargetDependency */ = {
			isa = PBXTargetDependency;
			target = 8D0F8698270C776F004E2A7D /* ProcessNote */;
			targetProxy = 8D0F86BA270C7771004E2A7D /* PBXContainerItemProxy */;
		};
/* End PBXTargetDependency section */

/* Begin PBXVariantGroup section */
		8D0F86A7270C7771004E2A7D /* LaunchScreen.storyboard */ = {
			isa = PBXVariantGroup;
			children = (
				8D0F86A8270C7771004E2A7D /* Base */,
				8D0F86D7270C8432004E2A7D /* ja */,
			);
			name = LaunchScreen.storyboard;
			sourceTree = "<group>";
		};
		8D0F86DC270C8580004E2A7D /* Localizable.strings */ = {
			isa = PBXVariantGroup;
			children = (
				8D0F86DB270C8580004E2A7D /* ja */,
				8D0F86DD270C8596004E2A7D /* en */,
			);
			name = Localizable.strings;
			sourceTree = "<group>";
		};
/* End PBXVariantGroup section */

/* Begin XCBuildConfiguration section */
		8D0F86C1270C7771004E2A7D /* Debug */ = {
			isa = XCBuildConfiguration;
			buildSettings = {
				ALWAYS_SEARCH_USER_PATHS = NO;
				CLANG_ANALYZER_LOCALIZABILITY_NONLOCALIZED = YES;
				CLANG_ANALYZER_NONNULL = YES;
				CLANG_ANALYZER_NUMBER_OBJECT_CONVERSION = YES_AGGRESSIVE;
				CLANG_CXX_LANGUAGE_STANDARD = "gnu++17";
				CLANG_CXX_LIBRARY = "libc++";
				CLANG_ENABLE_MODULES = YES;
				CLANG_ENABLE_OBJC_ARC = YES;
				CLANG_ENABLE_OBJC_WEAK = YES;
				CLANG_WARN_BLOCK_CAPTURE_AUTORELEASING = YES;
				CLANG_WARN_BOOL_CONVERSION = YES;
				CLANG_WARN_COMMA = YES;
				CLANG_WARN_CONSTANT_CONVERSION = YES;
				CLANG_WARN_DEPRECATED_OBJC_IMPLEMENTATIONS = YES;
				CLANG_WARN_DIRECT_OBJC_ISA_USAGE = YES_ERROR;
				CLANG_WARN_DOCUMENTATION_COMMENTS = YES;
				CLANG_WARN_EMPTY_BODY = YES;
				CLANG_WARN_ENUM_CONVERSION = YES;
				CLANG_WARN_INFINITE_RECURSION = YES;
				CLANG_WARN_INT_CONVERSION = YES;
				CLANG_WARN_NON_LITERAL_NULL_CONVERSION = YES;
				CLANG_WARN_OBJC_IMPLICIT_RETAIN_SELF = YES;
				CLANG_WARN_OBJC_LITERAL_CONVERSION = YES;
				CLANG_WARN_OBJC_ROOT_CLASS = YES_ERROR;
				CLANG_WARN_QUOTED_INCLUDE_IN_FRAMEWORK_HEADER = YES;
				CLANG_WARN_RANGE_LOOP_ANALYSIS = YES;
				CLANG_WARN_STRICT_PROTOTYPES = YES;
				CLANG_WARN_SUSPICIOUS_MOVE = YES;
				CLANG_WARN_UNGUARDED_AVAILABILITY = YES_AGGRESSIVE;
				CLANG_WARN_UNREACHABLE_CODE = YES;
				CLANG_WARN__DUPLICATE_METHOD_MATCH = YES;
				COPY_PHASE_STRIP = NO;
				DEBUG_INFORMATION_FORMAT = dwarf;
				ENABLE_STRICT_OBJC_MSGSEND = YES;
				ENABLE_TESTABILITY = YES;
				GCC_C_LANGUAGE_STANDARD = gnu11;
				GCC_DYNAMIC_NO_PIC = NO;
				GCC_NO_COMMON_BLOCKS = YES;
				GCC_OPTIMIZATION_LEVEL = 0;
				GCC_PREPROCESSOR_DEFINITIONS = (
					"DEBUG=1",
					"$(inherited)",
				);
				GCC_WARN_64_TO_32_BIT_CONVERSION = YES;
				GCC_WARN_ABOUT_RETURN_TYPE = YES_ERROR;
				GCC_WARN_UNDECLARED_SELECTOR = YES;
				GCC_WARN_UNINITIALIZED_AUTOS = YES_AGGRESSIVE;
				GCC_WARN_UNUSED_FUNCTION = YES;
				GCC_WARN_UNUSED_VARIABLE = YES;
				IPHONEOS_DEPLOYMENT_TARGET = 13.0;
				MTL_ENABLE_DEBUG_INFO = INCLUDE_SOURCE;
				MTL_FAST_MATH = YES;
				ONLY_ACTIVE_ARCH = YES;
				SDKROOT = iphoneos;
				SWIFT_ACTIVE_COMPILATION_CONDITIONS = DEBUG;
				SWIFT_OPTIMIZATION_LEVEL = "-Onone";
			};
			name = Debug;
		};
		8D0F86C2270C7771004E2A7D /* Release */ = {
			isa = XCBuildConfiguration;
			buildSettings = {
				ALWAYS_SEARCH_USER_PATHS = NO;
				CLANG_ANALYZER_LOCALIZABILITY_NONLOCALIZED = YES;
				CLANG_ANALYZER_NONNULL = YES;
				CLANG_ANALYZER_NUMBER_OBJECT_CONVERSION = YES_AGGRESSIVE;
				CLANG_CXX_LANGUAGE_STANDARD = "gnu++17";
				CLANG_CXX_LIBRARY = "libc++";
				CLANG_ENABLE_MODULES = YES;
				CLANG_ENABLE_OBJC_ARC = YES;
				CLANG_ENABLE_OBJC_WEAK = YES;
				CLANG_WARN_BLOCK_CAPTURE_AUTORELEASING = YES;
				CLANG_WARN_BOOL_CONVERSION = YES;
				CLANG_WARN_COMMA = YES;
				CLANG_WARN_CONSTANT_CONVERSION = YES;
				CLANG_WARN_DEPRECATED_OBJC_IMPLEMENTATIONS = YES;
				CLANG_WARN_DIRECT_OBJC_ISA_USAGE = YES_ERROR;
				CLANG_WARN_DOCUMENTATION_COMMENTS = YES;
				CLANG_WARN_EMPTY_BODY = YES;
				CLANG_WARN_ENUM_CONVERSION = YES;
				CLANG_WARN_INFINITE_RECURSION = YES;
				CLANG_WARN_INT_CONVERSION = YES;
				CLANG_WARN_NON_LITERAL_NULL_CONVERSION = YES;
				CLANG_WARN_OBJC_IMPLICIT_RETAIN_SELF = YES;
				CLANG_WARN_OBJC_LITERAL_CONVERSION = YES;
				CLANG_WARN_OBJC_ROOT_CLASS = YES_ERROR;
				CLANG_WARN_QUOTED_INCLUDE_IN_FRAMEWORK_HEADER = YES;
				CLANG_WARN_RANGE_LOOP_ANALYSIS = YES;
				CLANG_WARN_STRICT_PROTOTYPES = YES;
				CLANG_WARN_SUSPICIOUS_MOVE = YES;
				CLANG_WARN_UNGUARDED_AVAILABILITY = YES_AGGRESSIVE;
				CLANG_WARN_UNREACHABLE_CODE = YES;
				CLANG_WARN__DUPLICATE_METHOD_MATCH = YES;
				COPY_PHASE_STRIP = NO;
				DEBUG_INFORMATION_FORMAT = "dwarf-with-dsym";
				ENABLE_NS_ASSERTIONS = NO;
				ENABLE_STRICT_OBJC_MSGSEND = YES;
				GCC_C_LANGUAGE_STANDARD = gnu11;
				GCC_NO_COMMON_BLOCKS = YES;
				GCC_WARN_64_TO_32_BIT_CONVERSION = YES;
				GCC_WARN_ABOUT_RETURN_TYPE = YES_ERROR;
				GCC_WARN_UNDECLARED_SELECTOR = YES;
				GCC_WARN_UNINITIALIZED_AUTOS = YES_AGGRESSIVE;
				GCC_WARN_UNUSED_FUNCTION = YES;
				GCC_WARN_UNUSED_VARIABLE = YES;
				IPHONEOS_DEPLOYMENT_TARGET = 13.0;
				MTL_ENABLE_DEBUG_INFO = NO;
				MTL_FAST_MATH = YES;
				SDKROOT = iphoneos;
				SWIFT_COMPILATION_MODE = wholemodule;
				SWIFT_OPTIMIZATION_LEVEL = "-O";
				VALIDATE_PRODUCT = YES;
			};
			name = Release;
		};
		8D0F86C4270C7771004E2A7D /* Debug */ = {
			isa = XCBuildConfiguration;
			baseConfigurationReference = 5B5BCAD8E5282481EA12FA28 /* Pods-ProcessNote.debug.xcconfig */;
			buildSettings = {
				ASSETCATALOG_COMPILER_APPICON_NAME = AppIcon;
				ASSETCATALOG_COMPILER_GLOBAL_ACCENT_COLOR_NAME = AccentColor;
				CODE_SIGN_STYLE = Automatic;
				CURRENT_PROJECT_VERSION = 1;
				DEVELOPMENT_TEAM = 9YB68MR5FL;
				GENERATE_INFOPLIST_FILE = YES;
				INFOPLIST_FILE = ProcessNote/Info.plist;
				INFOPLIST_KEY_UIApplicationSupportsIndirectInputEvents = YES;
				INFOPLIST_KEY_UILaunchStoryboardName = LaunchScreen;
				INFOPLIST_KEY_UIMainStoryboardFile = "";
				INFOPLIST_KEY_UISupportedInterfaceOrientations_iPad = "UIInterfaceOrientationPortrait UIInterfaceOrientationPortraitUpsideDown UIInterfaceOrientationLandscapeLeft UIInterfaceOrientationLandscapeRight";
				INFOPLIST_KEY_UISupportedInterfaceOrientations_iPhone = UIInterfaceOrientationPortrait;
				LD_RUNPATH_SEARCH_PATHS = (
					"$(inherited)",
					"@executable_path/Frameworks",
				);
				MARKETING_VERSION = 1.0.0;
				PRODUCT_BUNDLE_IDENTIFIER = "Takatoshi-Miura.ProcessNote";
				PRODUCT_NAME = "$(TARGET_NAME)";
				SWIFT_EMIT_LOC_STRINGS = YES;
				SWIFT_VERSION = 5.0;
				TARGETED_DEVICE_FAMILY = "1,2";
			};
			name = Debug;
		};
		8D0F86C5270C7771004E2A7D /* Release */ = {
			isa = XCBuildConfiguration;
			baseConfigurationReference = AE478A9D4CF8D4A66167466B /* Pods-ProcessNote.release.xcconfig */;
			buildSettings = {
				ASSETCATALOG_COMPILER_APPICON_NAME = AppIcon;
				ASSETCATALOG_COMPILER_GLOBAL_ACCENT_COLOR_NAME = AccentColor;
				CODE_SIGN_STYLE = Automatic;
				CURRENT_PROJECT_VERSION = 1;
				DEVELOPMENT_TEAM = 9YB68MR5FL;
				GENERATE_INFOPLIST_FILE = YES;
				INFOPLIST_FILE = ProcessNote/Info.plist;
				INFOPLIST_KEY_UIApplicationSupportsIndirectInputEvents = YES;
				INFOPLIST_KEY_UILaunchStoryboardName = LaunchScreen;
				INFOPLIST_KEY_UIMainStoryboardFile = "";
				INFOPLIST_KEY_UISupportedInterfaceOrientations_iPad = "UIInterfaceOrientationPortrait UIInterfaceOrientationPortraitUpsideDown UIInterfaceOrientationLandscapeLeft UIInterfaceOrientationLandscapeRight";
				INFOPLIST_KEY_UISupportedInterfaceOrientations_iPhone = UIInterfaceOrientationPortrait;
				LD_RUNPATH_SEARCH_PATHS = (
					"$(inherited)",
					"@executable_path/Frameworks",
				);
				MARKETING_VERSION = 1.0.0;
				PRODUCT_BUNDLE_IDENTIFIER = "Takatoshi-Miura.ProcessNote";
				PRODUCT_NAME = "$(TARGET_NAME)";
				SWIFT_EMIT_LOC_STRINGS = YES;
				SWIFT_VERSION = 5.0;
				TARGETED_DEVICE_FAMILY = "1,2";
			};
			name = Release;
		};
		8D0F86C7270C7771004E2A7D /* Debug */ = {
			isa = XCBuildConfiguration;
			baseConfigurationReference = 0E3B1BD8F2A23174F29F19FD /* Pods-ProcessNoteTests.debug.xcconfig */;
			buildSettings = {
				ALWAYS_EMBED_SWIFT_STANDARD_LIBRARIES = YES;
				BUNDLE_LOADER = "$(TEST_HOST)";
				CODE_SIGN_STYLE = Automatic;
				CURRENT_PROJECT_VERSION = 1;
				DEVELOPMENT_TEAM = 9YB68MR5FL;
				GENERATE_INFOPLIST_FILE = YES;
				IPHONEOS_DEPLOYMENT_TARGET = 15.0;
				LD_RUNPATH_SEARCH_PATHS = (
					"$(inherited)",
					"@executable_path/Frameworks",
					"@loader_path/Frameworks",
				);
				MARKETING_VERSION = 1.0;
				PRODUCT_BUNDLE_IDENTIFIER = "Takatoshi-Miura.ProcessNoteTests";
				PRODUCT_NAME = "$(TARGET_NAME)";
				SWIFT_EMIT_LOC_STRINGS = NO;
				SWIFT_VERSION = 5.0;
				TARGETED_DEVICE_FAMILY = "1,2";
				TEST_HOST = "$(BUILT_PRODUCTS_DIR)/ProcessNote.app/ProcessNote";
			};
			name = Debug;
		};
		8D0F86C8270C7771004E2A7D /* Release */ = {
			isa = XCBuildConfiguration;
			baseConfigurationReference = A8C21E028BEA1BD922754EE7 /* Pods-ProcessNoteTests.release.xcconfig */;
			buildSettings = {
				ALWAYS_EMBED_SWIFT_STANDARD_LIBRARIES = YES;
				BUNDLE_LOADER = "$(TEST_HOST)";
				CODE_SIGN_STYLE = Automatic;
				CURRENT_PROJECT_VERSION = 1;
				DEVELOPMENT_TEAM = 9YB68MR5FL;
				GENERATE_INFOPLIST_FILE = YES;
				IPHONEOS_DEPLOYMENT_TARGET = 15.0;
				LD_RUNPATH_SEARCH_PATHS = (
					"$(inherited)",
					"@executable_path/Frameworks",
					"@loader_path/Frameworks",
				);
				MARKETING_VERSION = 1.0;
				PRODUCT_BUNDLE_IDENTIFIER = "Takatoshi-Miura.ProcessNoteTests";
				PRODUCT_NAME = "$(TARGET_NAME)";
				SWIFT_EMIT_LOC_STRINGS = NO;
				SWIFT_VERSION = 5.0;
				TARGETED_DEVICE_FAMILY = "1,2";
				TEST_HOST = "$(BUILT_PRODUCTS_DIR)/ProcessNote.app/ProcessNote";
			};
			name = Release;
		};
		8D0F86CA270C7771004E2A7D /* Debug */ = {
			isa = XCBuildConfiguration;
			buildSettings = {
				ALWAYS_EMBED_SWIFT_STANDARD_LIBRARIES = YES;
				CODE_SIGN_STYLE = Automatic;
				CURRENT_PROJECT_VERSION = 1;
				DEVELOPMENT_TEAM = 9YB68MR5FL;
				GENERATE_INFOPLIST_FILE = YES;
				LD_RUNPATH_SEARCH_PATHS = (
					"$(inherited)",
					"@executable_path/Frameworks",
					"@loader_path/Frameworks",
				);
				MARKETING_VERSION = 1.0;
				PRODUCT_BUNDLE_IDENTIFIER = "Takatoshi-Miura.ProcessNoteUITests";
				PRODUCT_NAME = "$(TARGET_NAME)";
				SWIFT_EMIT_LOC_STRINGS = NO;
				SWIFT_VERSION = 5.0;
				TARGETED_DEVICE_FAMILY = "1,2";
				TEST_TARGET_NAME = ProcessNote;
			};
			name = Debug;
		};
		8D0F86CB270C7771004E2A7D /* Release */ = {
			isa = XCBuildConfiguration;
			buildSettings = {
				ALWAYS_EMBED_SWIFT_STANDARD_LIBRARIES = YES;
				CODE_SIGN_STYLE = Automatic;
				CURRENT_PROJECT_VERSION = 1;
				DEVELOPMENT_TEAM = 9YB68MR5FL;
				GENERATE_INFOPLIST_FILE = YES;
				LD_RUNPATH_SEARCH_PATHS = (
					"$(inherited)",
					"@executable_path/Frameworks",
					"@loader_path/Frameworks",
				);
				MARKETING_VERSION = 1.0;
				PRODUCT_BUNDLE_IDENTIFIER = "Takatoshi-Miura.ProcessNoteUITests";
				PRODUCT_NAME = "$(TARGET_NAME)";
				SWIFT_EMIT_LOC_STRINGS = NO;
				SWIFT_VERSION = 5.0;
				TARGETED_DEVICE_FAMILY = "1,2";
				TEST_TARGET_NAME = ProcessNote;
			};
			name = Release;
		};
/* End XCBuildConfiguration section */

/* Begin XCConfigurationList section */
		8D0F8694270C776F004E2A7D /* Build configuration list for PBXProject "ProcessNote" */ = {
			isa = XCConfigurationList;
			buildConfigurations = (
				8D0F86C1270C7771004E2A7D /* Debug */,
				8D0F86C2270C7771004E2A7D /* Release */,
			);
			defaultConfigurationIsVisible = 0;
			defaultConfigurationName = Release;
		};
		8D0F86C3270C7771004E2A7D /* Build configuration list for PBXNativeTarget "ProcessNote" */ = {
			isa = XCConfigurationList;
			buildConfigurations = (
				8D0F86C4270C7771004E2A7D /* Debug */,
				8D0F86C5270C7771004E2A7D /* Release */,
			);
			defaultConfigurationIsVisible = 0;
			defaultConfigurationName = Release;
		};
		8D0F86C6270C7771004E2A7D /* Build configuration list for PBXNativeTarget "ProcessNoteTests" */ = {
			isa = XCConfigurationList;
			buildConfigurations = (
				8D0F86C7270C7771004E2A7D /* Debug */,
				8D0F86C8270C7771004E2A7D /* Release */,
			);
			defaultConfigurationIsVisible = 0;
			defaultConfigurationName = Release;
		};
		8D0F86C9270C7771004E2A7D /* Build configuration list for PBXNativeTarget "ProcessNoteUITests" */ = {
			isa = XCConfigurationList;
			buildConfigurations = (
				8D0F86CA270C7771004E2A7D /* Debug */,
				8D0F86CB270C7771004E2A7D /* Release */,
			);
			defaultConfigurationIsVisible = 0;
			defaultConfigurationName = Release;
		};
/* End XCConfigurationList section */
	};
	rootObject = 8D0F8691270C776F004E2A7D /* Project object */;
}
